// !$*UTF8*$!
{
	archiveVersion = 1;
	classes = {
	};
	objectVersion = 46;
	objects = {

/* Begin PBXBuildFile section */
		0EC739AF168A07AC000D67B3 /* UIKit.framework in Frameworks */ = {isa = PBXBuildFile; fileRef = 0EC739AE168A07AC000D67B3 /* UIKit.framework */; };
		0EC739B1168A07AC000D67B3 /* Foundation.framework in Frameworks */ = {isa = PBXBuildFile; fileRef = 0EC739B0168A07AC000D67B3 /* Foundation.framework */; };
		0EC739B3168A07AC000D67B3 /* CoreGraphics.framework in Frameworks */ = {isa = PBXBuildFile; fileRef = 0EC739B2168A07AC000D67B3 /* CoreGraphics.framework */; };
		0EC739B9168A07AC000D67B3 /* InfoPlist.strings in Resources */ = {isa = PBXBuildFile; fileRef = 0EC739B7168A07AC000D67B3 /* InfoPlist.strings */; };
		0EC739BB168A07AC000D67B3 /* main.m in Sources */ = {isa = PBXBuildFile; fileRef = 0EC739BA168A07AC000D67B3 /* main.m */; };
		0EC739BF168A07AC000D67B3 /* AppDelegate.m in Sources */ = {isa = PBXBuildFile; fileRef = 0EC739BE168A07AC000D67B3 /* AppDelegate.m */; };
		0EC739C1168A07AC000D67B3 /* Default.png in Resources */ = {isa = PBXBuildFile; fileRef = 0EC739C0168A07AC000D67B3 /* Default.png */; };
		0EC739C3168A07AC000D67B3 /* Default@2x.png in Resources */ = {isa = PBXBuildFile; fileRef = 0EC739C2168A07AC000D67B3 /* Default@2x.png */; };
		0EC739C5168A07AC000D67B3 /* Default-568h@2x.png in Resources */ = {isa = PBXBuildFile; fileRef = 0EC739C4168A07AC000D67B3 /* Default-568h@2x.png */; };
		0EC739C8168A07AC000D67B3 /* ViewController.m in Sources */ = {isa = PBXBuildFile; fileRef = 0EC739C7168A07AC000D67B3 /* ViewController.m */; };
		0EC739CB168A07AC000D67B3 /* ViewController.xib in Resources */ = {isa = PBXBuildFile; fileRef = 0EC739C9168A07AC000D67B3 /* ViewController.xib */; };
		0EC739D5168A0863000D67B3 /* PDLocationsMapViewController.m in Sources */ = {isa = PBXBuildFile; fileRef = 0EC739D3168A0863000D67B3 /* PDLocationsMapViewController.m */; };
		0EC739D6168A0863000D67B3 /* PDLocationsMapViewController.xib in Resources */ = {isa = PBXBuildFile; fileRef = 0EC739D4168A0863000D67B3 /* PDLocationsMapViewController.xib */; };
		0EC739D8168A0900000D67B3 /* MapKit.framework in Frameworks */ = {isa = PBXBuildFile; fileRef = 0EC739D7168A0900000D67B3 /* MapKit.framework */; };
		0EC739DF168A1296000D67B3 /* PDLocation.m in Sources */ = {isa = PBXBuildFile; fileRef = 0EC739DE168A1296000D67B3 /* PDLocation.m */; };
		0EC739E1168A134C000D67B3 /* CoreLocation.framework in Frameworks */ = {isa = PBXBuildFile; fileRef = 0EC739E0168A134C000D67B3 /* CoreLocation.framework */; };
		45836E7A168AF1AE00EF2D63 /* mappin.png in Resources */ = {isa = PBXBuildFile; fileRef = 45836E79168AF1AE00EF2D63 /* mappin.png */; };
		45DA2F90168AB1E300F56018 /* MapPoint.m in Sources */ = {isa = PBXBuildFile; fileRef = 45DA2F8F168AB1E300F56018 /* MapPoint.m */; };
		45DDB3FC168B1A16005555D0 /* close-button.png in Resources */ = {isa = PBXBuildFile; fileRef = 45DDB3FB168B1A16005555D0 /* close-button.png */; };
/* End PBXBuildFile section */

/* Begin PBXFileReference section */
		0E17581B169092EA00E38EAE /* PDLocationsMap.h */ = {isa = PBXFileReference; fileEncoding = 4; lastKnownFileType = sourcecode.c.h; name = PDLocationsMap.h; path = PDLocationsMap/PDLocationsMap.h; sourceTree = "<group>"; };
		0EC739AA168A07AC000D67B3 /* LocationsMap.app */ = {isa = PBXFileReference; explicitFileType = wrapper.application; includeInIndex = 0; path = LocationsMap.app; sourceTree = BUILT_PRODUCTS_DIR; };
		0EC739AE168A07AC000D67B3 /* UIKit.framework */ = {isa = PBXFileReference; lastKnownFileType = wrapper.framework; name = UIKit.framework; path = System/Library/Frameworks/UIKit.framework; sourceTree = SDKROOT; };
		0EC739B0168A07AC000D67B3 /* Foundation.framework */ = {isa = PBXFileReference; lastKnownFileType = wrapper.framework; name = Foundation.framework; path = System/Library/Frameworks/Foundation.framework; sourceTree = SDKROOT; };
		0EC739B2168A07AC000D67B3 /* CoreGraphics.framework */ = {isa = PBXFileReference; lastKnownFileType = wrapper.framework; name = CoreGraphics.framework; path = System/Library/Frameworks/CoreGraphics.framework; sourceTree = SDKROOT; };
		0EC739B6168A07AC000D67B3 /* LocationsMap-Info.plist */ = {isa = PBXFileReference; lastKnownFileType = text.plist.xml; path = "LocationsMap-Info.plist"; sourceTree = "<group>"; };
		0EC739B8168A07AC000D67B3 /* en */ = {isa = PBXFileReference; lastKnownFileType = text.plist.strings; name = en; path = en.lproj/InfoPlist.strings; sourceTree = "<group>"; };
		0EC739BA168A07AC000D67B3 /* main.m */ = {isa = PBXFileReference; lastKnownFileType = sourcecode.c.objc; path = main.m; sourceTree = "<group>"; };
		0EC739BC168A07AC000D67B3 /* LocationsMap-Prefix.pch */ = {isa = PBXFileReference; lastKnownFileType = sourcecode.c.h; path = "LocationsMap-Prefix.pch"; sourceTree = "<group>"; };
		0EC739BD168A07AC000D67B3 /* AppDelegate.h */ = {isa = PBXFileReference; lastKnownFileType = sourcecode.c.h; path = AppDelegate.h; sourceTree = "<group>"; };
		0EC739BE168A07AC000D67B3 /* AppDelegate.m */ = {isa = PBXFileReference; lastKnownFileType = sourcecode.c.objc; path = AppDelegate.m; sourceTree = "<group>"; };
		0EC739C0168A07AC000D67B3 /* Default.png */ = {isa = PBXFileReference; lastKnownFileType = image.png; path = Default.png; sourceTree = "<group>"; };
		0EC739C2168A07AC000D67B3 /* Default@2x.png */ = {isa = PBXFileReference; lastKnownFileType = image.png; path = "Default@2x.png"; sourceTree = "<group>"; };
		0EC739C4168A07AC000D67B3 /* Default-568h@2x.png */ = {isa = PBXFileReference; lastKnownFileType = image.png; path = "Default-568h@2x.png"; sourceTree = "<group>"; };
		0EC739C6168A07AC000D67B3 /* ViewController.h */ = {isa = PBXFileReference; lastKnownFileType = sourcecode.c.h; path = ViewController.h; sourceTree = "<group>"; };
		0EC739C7168A07AC000D67B3 /* ViewController.m */ = {isa = PBXFileReference; lastKnownFileType = sourcecode.c.objc; path = ViewController.m; sourceTree = "<group>"; };
		0EC739CA168A07AC000D67B3 /* en */ = {isa = PBXFileReference; lastKnownFileType = file.xib; name = en; path = en.lproj/ViewController.xib; sourceTree = "<group>"; };
		0EC739D2168A0863000D67B3 /* PDLocationsMapViewController.h */ = {isa = PBXFileReference; fileEncoding = 4; lastKnownFileType = sourcecode.c.h; name = PDLocationsMapViewController.h; path = PDLocationsMap/PDLocationsMapViewController.h; sourceTree = "<group>"; };
		0EC739D3168A0863000D67B3 /* PDLocationsMapViewController.m */ = {isa = PBXFileReference; fileEncoding = 4; lastKnownFileType = sourcecode.c.objc; name = PDLocationsMapViewController.m; path = PDLocationsMap/PDLocationsMapViewController.m; sourceTree = "<group>"; };
		0EC739D4168A0863000D67B3 /* PDLocationsMapViewController.xib */ = {isa = PBXFileReference; fileEncoding = 4; lastKnownFileType = file.xib; name = PDLocationsMapViewController.xib; path = PDLocationsMap/PDLocationsMapViewController.xib; sourceTree = "<group>"; };
		0EC739D7168A0900000D67B3 /* MapKit.framework */ = {isa = PBXFileReference; lastKnownFileType = wrapper.framework; name = MapKit.framework; path = System/Library/Frameworks/MapKit.framework; sourceTree = SDKROOT; };
		0EC739DD168A1296000D67B3 /* PDLocation.h */ = {isa = PBXFileReference; fileEncoding = 4; lastKnownFileType = sourcecode.c.h; name = PDLocation.h; path = PDLocationsMap/PDLocation.h; sourceTree = "<group>"; };
		0EC739DE168A1296000D67B3 /* PDLocation.m */ = {isa = PBXFileReference; fileEncoding = 4; lastKnownFileType = sourcecode.c.objc; name = PDLocation.m; path = PDLocationsMap/PDLocation.m; sourceTree = "<group>"; };
		0EC739E0168A134C000D67B3 /* CoreLocation.framework */ = {isa = PBXFileReference; lastKnownFileType = wrapper.framework; name = CoreLocation.framework; path = System/Library/Frameworks/CoreLocation.framework; sourceTree = SDKROOT; };
		45836E79168AF1AE00EF2D63 /* mappin.png */ = {isa = PBXFileReference; lastKnownFileType = image.png; path = mappin.png; sourceTree = "<group>"; };
		45DA2F8E168AB1E300F56018 /* MapPoint.h */ = {isa = PBXFileReference; fileEncoding = 4; lastKnownFileType = sourcecode.c.h; path = MapPoint.h; sourceTree = "<group>"; };
		45DA2F8F168AB1E300F56018 /* MapPoint.m */ = {isa = PBXFileReference; fileEncoding = 4; lastKnownFileType = sourcecode.c.objc; path = MapPoint.m; sourceTree = "<group>"; };
		45DDB3FB168B1A16005555D0 /* close-button.png */ = {isa = PBXFileReference; lastKnownFileType = image.png; path = "close-button.png"; sourceTree = "<group>"; };
/* End PBXFileReference section */

/* Begin PBXFrameworksBuildPhase section */
		0EC739A7168A07AC000D67B3 /* Frameworks */ = {
			isa = PBXFrameworksBuildPhase;
			buildActionMask = 2147483647;
			files = (
				0EC739E1168A134C000D67B3 /* CoreLocation.framework in Frameworks */,
				0EC739D8168A0900000D67B3 /* MapKit.framework in Frameworks */,
				0EC739AF168A07AC000D67B3 /* UIKit.framework in Frameworks */,
				0EC739B1168A07AC000D67B3 /* Foundation.framework in Frameworks */,
				0EC739B3168A07AC000D67B3 /* CoreGraphics.framework in Frameworks */,
			);
			runOnlyForDeploymentPostprocessing = 0;
		};
/* End PBXFrameworksBuildPhase section */

/* Begin PBXGroup section */
		0EC7399F168A07AC000D67B3 = {
			isa = PBXGroup;
			children = (
				0EC739B4168A07AC000D67B3 /* LocationsMap */,
				0EC739AD168A07AC000D67B3 /* Frameworks */,
				0EC739AB168A07AC000D67B3 /* Products */,
			);
			sourceTree = "<group>";
		};
		0EC739AB168A07AC000D67B3 /* Products */ = {
			isa = PBXGroup;
			children = (
				0EC739AA168A07AC000D67B3 /* LocationsMap.app */,
			);
			name = Products;
			sourceTree = "<group>";
		};
		0EC739AD168A07AC000D67B3 /* Frameworks */ = {
			isa = PBXGroup;
			children = (
				0EC739E0168A134C000D67B3 /* CoreLocation.framework */,
				0EC739D7168A0900000D67B3 /* MapKit.framework */,
				0EC739AE168A07AC000D67B3 /* UIKit.framework */,
				0EC739B0168A07AC000D67B3 /* Foundation.framework */,
				0EC739B2168A07AC000D67B3 /* CoreGraphics.framework */,
			);
			name = Frameworks;
			sourceTree = "<group>";
		};
		0EC739B4168A07AC000D67B3 /* LocationsMap */ = {
			isa = PBXGroup;
			children = (
				0EC739D1168A07FC000D67B3 /* PDLocationsMap */,
				0EC739BD168A07AC000D67B3 /* AppDelegate.h */,
				0EC739BE168A07AC000D67B3 /* AppDelegate.m */,
				0EC739C6168A07AC000D67B3 /* ViewController.h */,
				0EC739C7168A07AC000D67B3 /* ViewController.m */,
				0EC739C9168A07AC000D67B3 /* ViewController.xib */,
				0EC739B5168A07AC000D67B3 /* Supporting Files */,
			);
			path = LocationsMap;
			sourceTree = "<group>";
		};
		0EC739B5168A07AC000D67B3 /* Supporting Files */ = {
			isa = PBXGroup;
			children = (
				0EC739B6168A07AC000D67B3 /* LocationsMap-Info.plist */,
				0EC739B7168A07AC000D67B3 /* InfoPlist.strings */,
				0EC739BA168A07AC000D67B3 /* main.m */,
				0EC739BC168A07AC000D67B3 /* LocationsMap-Prefix.pch */,
				0EC739C0168A07AC000D67B3 /* Default.png */,
				0EC739C2168A07AC000D67B3 /* Default@2x.png */,
				0EC739C4168A07AC000D67B3 /* Default-568h@2x.png */,
			);
			name = "Supporting Files";
			sourceTree = "<group>";
		};
		0EC739D1168A07FC000D67B3 /* PDLocationsMap */ = {
			isa = PBXGroup;
			children = (
				45DA2F8E168AB1E300F56018 /* MapPoint.h */,
				45DA2F8F168AB1E300F56018 /* MapPoint.m */,
				0EC739D2168A0863000D67B3 /* PDLocationsMapViewController.h */,
				0EC739D3168A0863000D67B3 /* PDLocationsMapViewController.m */,
				0EC739D4168A0863000D67B3 /* PDLocationsMapViewController.xib */,
				0EC739DD168A1296000D67B3 /* PDLocation.h */,
				0EC739DE168A1296000D67B3 /* PDLocation.m */,
				45DDB3FB168B1A16005555D0 /* close-button.png */,
				45836E79168AF1AE00EF2D63 /* mappin.png */,
				0E17581B169092EA00E38EAE /* PDLocationsMap.h */,
			);
			name = PDLocationsMap;
			sourceTree = "<group>";
		};
/* End PBXGroup section */

/* Begin PBXNativeTarget section */
		0EC739A9168A07AC000D67B3 /* LocationsMap */ = {
			isa = PBXNativeTarget;
			buildConfigurationList = 0EC739CE168A07AC000D67B3 /* Build configuration list for PBXNativeTarget "LocationsMap" */;
			buildPhases = (
				0EC739A6168A07AC000D67B3 /* Sources */,
				0EC739A7168A07AC000D67B3 /* Frameworks */,
				0EC739A8168A07AC000D67B3 /* Resources */,
			);
			buildRules = (
			);
			dependencies = (
			);
			name = LocationsMap;
			productName = LocationsMap;
			productReference = 0EC739AA168A07AC000D67B3 /* LocationsMap.app */;
			productType = "com.apple.product-type.application";
		};
/* End PBXNativeTarget section */

/* Begin PBXProject section */
		0EC739A1168A07AC000D67B3 /* Project object */ = {
			isa = PBXProject;
			attributes = {
				LastUpgradeCheck = 0450;
				ORGANIZATIONNAME = "Pradyumna Doddala";
			};
			buildConfigurationList = 0EC739A4168A07AC000D67B3 /* Build configuration list for PBXProject "LocationsMap" */;
			compatibilityVersion = "Xcode 3.2";
			developmentRegion = English;
			hasScannedForEncodings = 0;
			knownRegions = (
				en,
			);
			mainGroup = 0EC7399F168A07AC000D67B3;
			productRefGroup = 0EC739AB168A07AC000D67B3 /* Products */;
			projectDirPath = "";
			projectRoot = "";
			targets = (
				0EC739A9168A07AC000D67B3 /* LocationsMap */,
			);
		};
/* End PBXProject section */

/* Begin PBXResourcesBuildPhase section */
		0EC739A8168A07AC000D67B3 /* Resources */ = {
			isa = PBXResourcesBuildPhase;
			buildActionMask = 2147483647;
			files = (
				0EC739B9168A07AC000D67B3 /* InfoPlist.strings in Resources */,
				0EC739C1168A07AC000D67B3 /* Default.png in Resources */,
				0EC739C3168A07AC000D67B3 /* Default@2x.png in Resources */,
				0EC739C5168A07AC000D67B3 /* Default-568h@2x.png in Resources */,
				0EC739CB168A07AC000D67B3 /* ViewController.xib in Resources */,
				0EC739D6168A0863000D67B3 /* PDLocationsMapViewController.xib in Resources */,
				45836E7A168AF1AE00EF2D63 /* mappin.png in Resources */,
				45DDB3FC168B1A16005555D0 /* close-button.png in Resources */,
			);
			runOnlyForDeploymentPostprocessing = 0;
		};
/* End PBXResourcesBuildPhase section */

/* Begin PBXSourcesBuildPhase section */
		0EC739A6168A07AC000D67B3 /* Sources */ = {
			isa = PBXSourcesBuildPhase;
			buildActionMask = 2147483647;
			files = (
				0EC739BB168A07AC000D67B3 /* main.m in Sources */,
				0EC739BF168A07AC000D67B3 /* AppDelegate.m in Sources */,
				0EC739C8168A07AC000D67B3 /* ViewController.m in Sources */,
				0EC739D5168A0863000D67B3 /* PDLocationsMapViewController.m in Sources */,
				0EC739DF168A1296000D67B3 /* PDLocation.m in Sources */,
				45DA2F90168AB1E300F56018 /* MapPoint.m in Sources */,
			);
			runOnlyForDeploymentPostprocessing = 0;
		};
/* End PBXSourcesBuildPhase section */

/* Begin PBXVariantGroup section */
		0EC739B7168A07AC000D67B3 /* InfoPlist.strings */ = {
			isa = PBXVariantGroup;
			children = (
				0EC739B8168A07AC000D67B3 /* en */,
			);
			name = InfoPlist.strings;
			sourceTree = "<group>";
		};
		0EC739C9168A07AC000D67B3 /* ViewController.xib */ = {
			isa = PBXVariantGroup;
			children = (
				0EC739CA168A07AC000D67B3 /* en */,
			);
			name = ViewController.xib;
			sourceTree = "<group>";
		};
/* End PBXVariantGroup section */

/* Begin XCBuildConfiguration section */
		0EC739CC168A07AC000D67B3 /* Debug */ = {
			isa = XCBuildConfiguration;
			buildSettings = {
				ALWAYS_SEARCH_USER_PATHS = NO;
				CLANG_CXX_LANGUAGE_STANDARD = "gnu++0x";
				CLANG_CXX_LIBRARY = "libc++";
				CLANG_ENABLE_OBJC_ARC = YES;
				CLANG_WARN_EMPTY_BODY = YES;
				CLANG_WARN__DUPLICATE_METHOD_MATCH = YES;
				"CODE_SIGN_IDENTITY[sdk=iphoneos*]" = "iPhone Developer";
				COPY_PHASE_STRIP = NO;
				GCC_C_LANGUAGE_STANDARD = gnu99;
				GCC_DYNAMIC_NO_PIC = NO;
				GCC_OPTIMIZATION_LEVEL = 0;
				GCC_PREPROCESSOR_DEFINITIONS = (
					"DEBUG=1",
					"$(inherited)",
				);
				GCC_SYMBOLS_PRIVATE_EXTERN = NO;
				GCC_WARN_ABOUT_RETURN_TYPE = YES;
				GCC_WARN_UNINITIALIZED_AUTOS = YES;
				GCC_WARN_UNUSED_VARIABLE = YES;
				IPHONEOS_DEPLOYMENT_TARGET = 6.0;
				SDKROOT = iphoneos;
			};
			name = Debug;
		};
		0EC739CD168A07AC000D67B3 /* Release */ = {
			isa = XCBuildConfiguration;
			buildSettings = {
				ALWAYS_SEARCH_USER_PATHS = NO;
				CLANG_CXX_LANGUAGE_STANDARD = "gnu++0x";
				CLANG_CXX_LIBRARY = "libc++";
				CLANG_ENABLE_OBJC_ARC = YES;
				CLANG_WARN_EMPTY_BODY = YES;
				CLANG_WARN__DUPLICATE_METHOD_MATCH = YES;
				"CODE_SIGN_IDENTITY[sdk=iphoneos*]" = "iPhone Developer";
				COPY_PHASE_STRIP = YES;
				GCC_C_LANGUAGE_STANDARD = gnu99;
				GCC_WARN_ABOUT_RETURN_TYPE = YES;
				GCC_WARN_UNINITIALIZED_AUTOS = YES;
				GCC_WARN_UNUSED_VARIABLE = YES;
				IPHONEOS_DEPLOYMENT_TARGET = 6.0;
				OTHER_CFLAGS = "-DNS_BLOCK_ASSERTIONS=1";
				SDKROOT = iphoneos;
				VALIDATE_PRODUCT = YES;
			};
			name = Release;
		};
		0EC739CF168A07AC000D67B3 /* Debug */ = {
			isa = XCBuildConfiguration;
			buildSettings = {
				GCC_PRECOMPILE_PREFIX_HEADER = YES;
				GCC_PREFIX_HEADER = "LocationsMap/LocationsMap-Prefix.pch";
				INFOPLIST_FILE = "LocationsMap/LocationsMap-Info.plist";
				IPHONEOS_DEPLOYMENT_TARGET = 5.0;
				PRODUCT_NAME = "$(TARGET_NAME)";
				WRAPPER_EXTENSION = app;
			};
			name = Debug;
		};
		0EC739D0168A07AC000D67B3 /* Release */ = {
			isa = XCBuildConfiguration;
			buildSettings = {
				GCC_PRECOMPILE_PREFIX_HEADER = YES;
				GCC_PREFIX_HEADER = "LocationsMap/LocationsMap-Prefix.pch";
				INFOPLIST_FILE = "LocationsMap/LocationsMap-Info.plist";
				IPHONEOS_DEPLOYMENT_TARGET = 5.0;
				PRODUCT_NAME = "$(TARGET_NAME)";
				WRAPPER_EXTENSION = app;
			};
			name = Release;
		};
/* End XCBuildConfiguration section */

/* Begin XCConfigurationList section */
		0EC739A4168A07AC000D67B3 /* Build configuration list for PBXProject "LocationsMap" */ = {
			isa = XCConfigurationList;
			buildConfigurations = (
				0EC739CC168A07AC000D67B3 /* Debug */,
				0EC739CD168A07AC000D67B3 /* Release */,
			);
			defaultConfigurationIsVisible = 0;
			defaultConfigurationName = Release;
		};
		0EC739CE168A07AC000D67B3 /* Build configuration list for PBXNativeTarget "LocationsMap" */ = {
			isa = XCConfigurationList;
			buildConfigurations = (
				0EC739CF168A07AC000D67B3 /* Debug */,
				0EC739D0168A07AC000D67B3 /* Release */,
			);
			defaultConfigurationIsVisible = 0;
			defaultConfigurationName = Release;
		};
/* End XCConfigurationList section */
	};
	rootObject = 0EC739A1168A07AC000D67B3 /* Project object */;
}
